
Microsoft Visual Studio Solution File, Format Version 12.00
# Visual Studio 15
Project("{FAE04EC0-301F-11D3-BF4B-00C04F79EFBC}") = "Assembly-CSharp", "Assembly-CSharp.csproj", "{839F682F-BFF4-4002-DF96-D9F6FFC7CBB6}"
EndProject
Project("{FAE04EC0-301F-11D3-BF4B-00C04F79EFBC}") = "com.whisper.unity", "com.whisper.unity.csproj", "{2B47F0BD-218C-C70E-E021-D169BC3B89F1}"
EndProject
Project("{FAE04EC0-301F-11D3-BF4B-00C04F79EFBC}") = "CustomizationSample", "CustomizationSample.csproj", "{87D018E8-FDB2-EAA4-E872-B7AF618C409A}"
EndProject
Project("{FAE04EC0-301F-11D3-BF4B-00C04F79EFBC}") = "com.whisper.unity.tests", "com.whisper.unity.tests.csproj", "{3E873D49-F2A3-EB06-D458-4CBCB6563ACB}"
EndProject
Project("{FAE04EC0-301F-11D3-BF4B-00C04F79EFBC}") = "Assembly-CSharp-Editor", "Assembly-CSharp-Editor.csproj", "{795DD0E9-B935-9B13-9F3A-51EFA9D0698B}"
EndProject
Project("{FAE04EC0-301F-11D3-BF4B-00C04F79EFBC}") = "com.whisper.unity.editor", "com.whisper.unity.editor.csproj", "{6B53EE26-454F-9EEC-955E-E017ECA322A5}"
EndProject
Global
	GlobalSection(SolutionConfigurationPlatforms) = preSolution
		Debug|Any CPU = Debug|Any CPU
		Release|Any CPU = Release|Any CPU
	EndGlobalSection
	GlobalSection(ProjectConfigurationPlatforms) = postSolution
		{839F682F-BFF4-4002-DF96-D9F6FFC7CBB6}.Debug|Any CPU.ActiveCfg = Debug|Any CPU
		{839F682F-BFF4-4002-DF96-D9F6FFC7CBB6}.Debug|Any CPU.Build.0 = Debug|Any CPU
		{839F682F-BFF4-4002-DF96-D9F6FFC7CBB6}.Release|Any CPU.ActiveCfg = Release|Any CPU
		{839F682F-BFF4-4002-DF96-D9F6FFC7CBB6}.Release|Any CPU.Build.0 = Release|Any CPU
		{2B47F0BD-218C-C70E-E021-D169BC3B89F1}.Debug|Any CPU.ActiveCfg = Debug|Any CPU
		{2B47F0BD-218C-C70E-E021-D169BC3B89F1}.Debug|Any CPU.Build.0 = Debug|Any CPU
		{2B47F0BD-218C-C70E-E021-D169BC3B89F1}.Release|Any CPU.ActiveCfg = Release|Any CPU
		{2B47F0BD-218C-C70E-E021-D169BC3B89F1}.Release|Any CPU.Build.0 = Release|Any CPU
		{87D018E8-FDB2-EAA4-E872-B7AF618C409A}.Debug|Any CPU.ActiveCfg = Debug|Any CPU
		{87D018E8-FDB2-EAA4-E872-B7AF618C409A}.Debug|Any CPU.Build.0 = Debug|Any CPU
		{87D018E8-FDB2-EAA4-E872-B7AF618C409A}.Release|Any CPU.ActiveCfg = Release|Any CPU
		{87D018E8-FDB2-EAA4-E872-B7AF618C409A}.Release|Any CPU.Build.0 = Release|Any CPU
		{3E873D49-F2A3-EB06-D458-4CBCB6563ACB}.Debug|Any CPU.ActiveCfg = Debug|Any CPU
		{3E873D49-F2A3-EB06-D458-4CBCB6563ACB}.Debug|Any CPU.Build.0 = Debug|Any CPU
		{3E873D49-F2A3-EB06-D458-4CBCB6563ACB}.Release|Any CPU.ActiveCfg = Release|Any CPU
		{3E873D49-F2A3-EB06-D458-4CBCB6563ACB}.Release|Any CPU.Build.0 = Release|Any CPU
		{795DD0E9-B935-9B13-9F3A-51EFA9D0698B}.Debug|Any CPU.ActiveCfg = Debug|Any CPU
		{795DD0E9-B935-9B13-9F3A-51EFA9D0698B}.Debug|Any CPU.Build.0 = Debug|Any CPU
		{795DD0E9-B935-9B13-9F3A-51EFA9D0698B}.Release|Any CPU.ActiveCfg = Release|Any CPU
		{795DD0E9-B935-9B13-9F3A-51EFA9D0698B}.Release|Any CPU.Build.0 = Release|Any CPU
		{6B53EE26-454F-9EEC-955E-E017ECA322A5}.Debug|Any CPU.ActiveCfg = Debug|Any CPU
		{6B53EE26-454F-9EEC-955E-E017ECA322A5}.Debug|Any CPU.Build.0 = Debug|Any CPU
		{6B53EE26-454F-9EEC-955E-E017ECA322A5}.Release|Any CPU.ActiveCfg = Release|Any CPU
		{6B53EE26-454F-9EEC-955E-E017ECA322A5}.Release|Any CPU.Build.0 = Release|Any CPU
	EndGlobalSection
	GlobalSection(SolutionProperties) = preSolution
		HideSolutionNode = FALSE
	EndGlobalSection
EndGlobal
