
Microsoft Visual Studio Solution File, Format Version 12.00
# Visual Studio 15
Project("{FAE04EC0-301F-11D3-BF4B-00C04F79EFBC}") = "Assembly-CSharp", "Assembly-CSharp.csproj", "{839F682F-BFF4-4002-DF96-D9F6FFC7CBB6}"
EndProject
Project("{FAE04EC0-301F-11D3-BF4B-00C04F79EFBC}") = "ChatChannelSample", "ChatChannelSample.csproj", "{8509E226-9761-D387-68C9-6D5D841178D3}"
EndProject
Project("{FAE04EC0-301F-11D3-BF4B-00C04F79EFBC}") = "CustomizationSample", "CustomizationSample.csproj", "{87D018E8-FDB2-EAA4-E872-B7AF618C409A}"
EndProject
Project("{FAE04EC0-301F-11D3-BF4B-00C04F79EFBC}") = "SimpleRelay", "SimpleRelay.csproj", "{584D9576-D822-95D0-ACA9-42D608DC2EAE}"
EndProject
Project("{FAE04EC0-301F-11D3-BF4B-00C04F79EFBC}") = "ChatChannelSample.Editor", "ChatChannelSample.Editor.csproj", "{C88191DC-2896-6B03-2D3A-3F396908A133}"
EndProject
Global
	GlobalSection(SolutionConfigurationPlatforms) = preSolution
		Debug|Any CPU = Debug|Any CPU
		Release|Any CPU = Release|Any CPU
	EndGlobalSection
	GlobalSection(ProjectConfigurationPlatforms) = postSolution
		{839F682F-BFF4-4002-DF96-D9F6FFC7CBB6}.Debug|Any CPU.ActiveCfg = Debug|Any CPU
		{839F682F-BFF4-4002-DF96-D9F6FFC7CBB6}.Debug|Any CPU.Build.0 = Debug|Any CPU
		{839F682F-BFF4-4002-DF96-D9F6FFC7CBB6}.Release|Any CPU.ActiveCfg = Release|Any CPU
		{839F682F-BFF4-4002-DF96-D9F6FFC7CBB6}.Release|Any CPU.Build.0 = Release|Any CPU
		{8509E226-9761-D387-68C9-6D5D841178D3}.Debug|Any CPU.ActiveCfg = Debug|Any CPU
		{8509E226-9761-D387-68C9-6D5D841178D3}.Debug|Any CPU.Build.0 = Debug|Any CPU
		{8509E226-9761-D387-68C9-6D5D841178D3}.Release|Any CPU.ActiveCfg = Release|Any CPU
		{8509E226-9761-D387-68C9-6D5D841178D3}.Release|Any CPU.Build.0 = Release|Any CPU
		{87D018E8-FDB2-EAA4-E872-B7AF618C409A}.Debug|Any CPU.ActiveCfg = Debug|Any CPU
		{87D018E8-FDB2-EAA4-E872-B7AF618C409A}.Debug|Any CPU.Build.0 = Debug|Any CPU
		{87D018E8-FDB2-EAA4-E872-B7AF618C409A}.Release|Any CPU.ActiveCfg = Release|Any CPU
		{87D018E8-FDB2-EAA4-E872-B7AF618C409A}.Release|Any CPU.Build.0 = Release|Any CPU
		{584D9576-D822-95D0-ACA9-42D608DC2EAE}.Debug|Any CPU.ActiveCfg = Debug|Any CPU
		{584D9576-D822-95D0-ACA9-42D608DC2EAE}.Debug|Any CPU.Build.0 = Debug|Any CPU
		{584D9576-D822-95D0-ACA9-42D608DC2EAE}.Release|Any CPU.ActiveCfg = Release|Any CPU
		{584D9576-D822-95D0-ACA9-42D608DC2EAE}.Release|Any CPU.Build.0 = Release|Any CPU
		{C88191DC-2896-6B03-2D3A-3F396908A133}.Debug|Any CPU.ActiveCfg = Debug|Any CPU
		{C88191DC-2896-6B03-2D3A-3F396908A133}.Debug|Any CPU.Build.0 = Debug|Any CPU
		{C88191DC-2896-6B03-2D3A-3F396908A133}.Release|Any CPU.ActiveCfg = Release|Any CPU
		{C88191DC-2896-6B03-2D3A-3F396908A133}.Release|Any CPU.Build.0 = Release|Any CPU
	EndGlobalSection
	GlobalSection(SolutionProperties) = preSolution
		HideSolutionNode = FALSE
	EndGlobalSection
EndGlobal
