
Microsoft Visual Studio Solution File, Format Version 12.00
# Visual Studio 15
Project("{FAE04EC0-301F-11D3-BF4B-00C04F79EFBC}") = "Assembly-CSharp", "Assembly-CSharp.csproj", "{839F682F-BFF4-4002-DF96-D9F6FFC7CBB6}"
EndProject
Project("{FAE04EC0-301F-11D3-BF4B-00C04F79EFBC}") = "CustomizationSample", "CustomizationSample.csproj", "{87D018E8-FDB2-EAA4-E872-B7AF618C409A}"
EndProject
Global
	GlobalSection(SolutionConfigurationPlatforms) = preSolution
		Debug|Any CPU = Debug|Any CPU
		Release|Any CPU = Release|Any CPU
	EndGlobalSection
	GlobalSection(ProjectConfigurationPlatforms) = postSolution
		{839F682F-BFF4-4002-DF96-D9F6FFC7CBB6}.Debug|Any CPU.ActiveCfg = Debug|Any CPU
		{839F682F-BFF4-4002-DF96-D9F6FFC7CBB6}.Debug|Any CPU.Build.0 = Debug|Any CPU
		{839F682F-BFF4-4002-DF96-D9F6FFC7CBB6}.Release|Any CPU.ActiveCfg = Release|Any CPU
		{839F682F-BFF4-4002-DF96-D9F6FFC7CBB6}.Release|Any CPU.Build.0 = Release|Any CPU
		{87D018E8-FDB2-EAA4-E872-B7AF618C409A}.Debug|Any CPU.ActiveCfg = Debug|Any CPU
		{87D018E8-FDB2-EAA4-E872-B7AF618C409A}.Debug|Any CPU.Build.0 = Debug|Any CPU
		{87D018E8-FDB2-EAA4-E872-B7AF618C409A}.Release|Any CPU.ActiveCfg = Release|Any CPU
		{87D018E8-FDB2-EAA4-E872-B7AF618C409A}.Release|Any CPU.Build.0 = Release|Any CPU
	EndGlobalSection
	GlobalSection(SolutionProperties) = preSolution
		HideSolutionNode = FALSE
	EndGlobalSection
EndGlobal
